# THIS IS AN AUTOGENERATED FILE. DO NOT EDIT THIS FILE DIRECTLY.
# yarn lockfile v1


cvent@^0.0.4:
  version "0.0.4"
  resolved "https://registry.npmjs.org/cvent/-/cvent-0.0.4.tgz#617d23b08f8152ab364f085f64ecc6bbc6039592"
  integrity sha512-lvBcUTSdZ4ejNL0TDLxdDvGHBAoN9UEytC0d7zrCVFUZP3jp1/xz9auDVZpQRc97i1AOQTQraBy35vXtf0OE+g==
